PODS:
  - Alamofire (4.4.0)
  - SnapKit (3.2.0)

DEPENDENCIES:
  - Alamofire (~> 4.0)
  - SnapKit (~> 3.2.0)

SPEC CHECKSUMS:
  Alamofire: dc44b1600b800eb63da6a19039a0083d62a6a62d
  SnapKit: 1ca44df72cfa543218d177cb8aab029d10d86ea7

PODFILE CHECKSUM: 7e27674f414550193200db8bf7eddfd5e5e60714

COCOAPODS: 1.2.0
